
Microsoft Visual Studio Solution File, Format Version 12.00
# Visual Studio Version 16
VisualStudioVersion = 16.0.810.2
MinimumVisualStudioVersion = 10.0.40219.1
Project("{FAE04EC0-301F-11D3-BF4B-00C04F79EFBC}") = "DisarmBomb", "DisarmBomb\DisarmBomb.csproj", "{4355FC87-2126-4024-852B-A1737ECD4301}"
EndProject
Global
	GlobalSection(SolutionConfigurationPlatforms) = preSolution
		Debug|Any CPU = Debug|Any CPU
		Release|Any CPU = Release|Any CPU
	EndGlobalSection
	GlobalSection(ProjectConfigurationPlatforms) = postSolution
		{4355FC87-2126-4024-852B-A1737ECD4301}.Debug|Any CPU.ActiveCfg = Debug|Any CPU
		{4355FC87-2126-4024-852B-A1737ECD4301}.Debug|Any CPU.Build.0 = Debug|Any CPU
		{4355FC87-2126-4024-852B-A1737ECD4301}.Release|Any CPU.ActiveCfg = Release|Any CPU
		{4355FC87-2126-4024-852B-A1737ECD4301}.Release|Any CPU.Build.0 = Release|Any CPU
	EndGlobalSection
	GlobalSection(SolutionProperties) = preSolution
		HideSolutionNode = FALSE
	EndGlobalSection
	GlobalSection(ExtensibilityGlobals) = postSolution
		SolutionGuid = {6CDA376D-84D7-4729-90EA-2E7142887C7F}
	EndGlobalSection
EndGlobal
